
Microsoft Visual Studio Solution File, Format Version 12.00
# Visual Studio Version 16
VisualStudioVersion = 16.0.31911.196
MinimumVisualStudioVersion = 10.0.40219.1
Project("{FAE04EC0-301F-11D3-BF4B-00C04F79EFBC}") = "my-blog", "my-blog\my-blog.csproj", "{7852D745-DBEE-4A2F-A39E-421585AC7050}"
EndProject
Global
	GlobalSection(SolutionConfigurationPlatforms) = preSolution
		Debug|Any CPU = Debug|Any CPU
		Release|Any CPU = Release|Any CPU
	EndGlobalSection
	GlobalSection(ProjectConfigurationPlatforms) = postSolution
		{7852D745-DBEE-4A2F-A39E-421585AC7050}.Debug|Any CPU.ActiveCfg = Debug|Any CPU
		{7852D745-DBEE-4A2F-A39E-421585AC7050}.Debug|Any CPU.Build.0 = Debug|Any CPU
		{7852D745-DBEE-4A2F-A39E-421585AC7050}.Release|Any CPU.ActiveCfg = Release|Any CPU
		{7852D745-DBEE-4A2F-A39E-421585AC7050}.Release|Any CPU.Build.0 = Release|Any CPU
	EndGlobalSection
	GlobalSection(SolutionProperties) = preSolution
		HideSolutionNode = FALSE
	EndGlobalSection
	GlobalSection(ExtensibilityGlobals) = postSolution
		SolutionGuid = {E406AAF2-2AB2-4003-9C9B-BA3F2C4F2396}
	EndGlobalSection
EndGlobal
